{
  "name": "chirper",
  "lockfileVersion": 2,
  "requires": true,
  "packages": {
    "": {
      "dependencies": {
        "@giphy/js-types": "^4.4.0"
      }
    },
    "node_modules/@giphy/js-types": {
      "version": "4.4.0",
      "resolved": "https://registry.npmjs.org/@giphy/js-types/-/js-types-4.4.0.tgz",
      "integrity": "sha512-W9G6crS2oqTn7g0RpvYu1l/sna4LnivRTk25jmxdzujOFb9kvQ+VFM/v9RPYV2GIBnzT/maW/EwjFIba9jkflA=="
    }
  },
  "dependencies": {
    "@giphy/js-types": {
      "version": "4.4.0",
      "resolved": "https://registry.npmjs.org/@giphy/js-types/-/js-types-4.4.0.tgz",
      "integrity": "sha512-W9G6crS2oqTn7g0RpvYu1l/sna4LnivRTk25jmxdzujOFb9kvQ+VFM/v9RPYV2GIBnzT/maW/EwjFIba9jkflA=="
    }
  }
}
